// !$*UTF8*$!
{
	archiveVersion = 1;
	classes = {
	};
	objectVersion = 50;
	objects = {

/* Begin PBXBuildFile section */
		B93543862443845000DBF329 /* AppDelegate.swift in Sources */ = {isa = PBXBuildFile; fileRef = B93543852443845000DBF329 /* AppDelegate.swift */; };
		B93543882443845000DBF329 /* SceneDelegate.swift in Sources */ = {isa = PBXBuildFile; fileRef = B93543872443845000DBF329 /* SceneDelegate.swift */; };
		B935438A2443845000DBF329 /* ViewController.swift in Sources */ = {isa = PBXBuildFile; fileRef = B93543892443845000DBF329 /* ViewController.swift */; };
		B935438D2443845000DBF329 /* Main.storyboard in Resources */ = {isa = PBXBuildFile; fileRef = B935438B2443845000DBF329 /* Main.storyboard */; };
		B935438F2443845200DBF329 /* Assets.xcassets in Resources */ = {isa = PBXBuildFile; fileRef = B935438E2443845200DBF329 /* Assets.xcassets */; };
		B93543922443845200DBF329 /* LaunchScreen.storyboard in Resources */ = {isa = PBXBuildFile; fileRef = B93543902443845200DBF329 /* LaunchScreen.storyboard */; };
		B935439D2443845200DBF329 /* MultipleExTests.swift in Sources */ = {isa = PBXBuildFile; fileRef = B935439C2443845200DBF329 /* MultipleExTests.swift */; };
		B93543A82443845200DBF329 /* MultipleExUITests.swift in Sources */ = {isa = PBXBuildFile; fileRef = B93543A72443845200DBF329 /* MultipleExUITests.swift */; };
		B93543B8244385D300DBF329 /* SwitchViewController.swift in Sources */ = {isa = PBXBuildFile; fileRef = B93543B7244385D300DBF329 /* SwitchViewController.swift */; };
		B93543BA244385EB00DBF329 /* SliderViewController.swift in Sources */ = {isa = PBXBuildFile; fileRef = B93543B9244385EB00DBF329 /* SliderViewController.swift */; };
		B93543BC2443861000DBF329 /* PickerViewController.swift in Sources */ = {isa = PBXBuildFile; fileRef = B93543BB2443861000DBF329 /* PickerViewController.swift */; };
/* End PBXBuildFile section */

/* Begin PBXContainerItemProxy section */
		B93543992443845200DBF329 /* PBXContainerItemProxy */ = {
			isa = PBXContainerItemProxy;
			containerPortal = B935437A2443845000DBF329 /* Project object */;
			proxyType = 1;
			remoteGlobalIDString = B93543812443845000DBF329;
			remoteInfo = MultipleEx;
		};
		B93543A42443845200DBF329 /* PBXContainerItemProxy */ = {
			isa = PBXContainerItemProxy;
			containerPortal = B935437A2443845000DBF329 /* Project object */;
			proxyType = 1;
			remoteGlobalIDString = B93543812443845000DBF329;
			remoteInfo = MultipleEx;
		};
/* End PBXContainerItemProxy section */

/* Begin PBXFileReference section */
		B93543822443845000DBF329 /* MultipleEx.app */ = {isa = PBXFileReference; explicitFileType = wrapper.application; includeInIndex = 0; path = MultipleEx.app; sourceTree = BUILT_PRODUCTS_DIR; };
		B93543852443845000DBF329 /* AppDelegate.swift */ = {isa = PBXFileReference; lastKnownFileType = sourcecode.swift; path = AppDelegate.swift; sourceTree = "<group>"; };
		B93543872443845000DBF329 /* SceneDelegate.swift */ = {isa = PBXFileReference; lastKnownFileType = sourcecode.swift; path = SceneDelegate.swift; sourceTree = "<group>"; };
		B93543892443845000DBF329 /* ViewController.swift */ = {isa = PBXFileReference; lastKnownFileType = sourcecode.swift; path = ViewController.swift; sourceTree = "<group>"; };
		B935438C2443845000DBF329 /* Base */ = {isa = PBXFileReference; lastKnownFileType = file.storyboard; name = Base; path = Base.lproj/Main.storyboard; sourceTree = "<group>"; };
		B935438E2443845200DBF329 /* Assets.xcassets */ = {isa = PBXFileReference; lastKnownFileType = folder.assetcatalog; path = Assets.xcassets; sourceTree = "<group>"; };
		B93543912443845200DBF329 /* Base */ = {isa = PBXFileReference; lastKnownFileType = file.storyboard; name = Base; path = Base.lproj/LaunchScreen.storyboard; sourceTree = "<group>"; };
		B93543932443845200DBF329 /* Info.plist */ = {isa = PBXFileReference; lastKnownFileType = text.plist.xml; path = Info.plist; sourceTree = "<group>"; };
		B93543982443845200DBF329 /* MultipleExTests.xctest */ = {isa = PBXFileReference; explicitFileType = wrapper.cfbundle; includeInIndex = 0; path = MultipleExTests.xctest; sourceTree = BUILT_PRODUCTS_DIR; };
		B935439C2443845200DBF329 /* MultipleExTests.swift */ = {isa = PBXFileReference; lastKnownFileType = sourcecode.swift; path = MultipleExTests.swift; sourceTree = "<group>"; };
		B935439E2443845200DBF329 /* Info.plist */ = {isa = PBXFileReference; lastKnownFileType = text.plist.xml; path = Info.plist; sourceTree = "<group>"; };
		B93543A32443845200DBF329 /* MultipleExUITests.xctest */ = {isa = PBXFileReference; explicitFileType = wrapper.cfbundle; includeInIndex = 0; path = MultipleExUITests.xctest; sourceTree = BUILT_PRODUCTS_DIR; };
		B93543A72443845200DBF329 /* MultipleExUITests.swift */ = {isa = PBXFileReference; lastKnownFileType = sourcecode.swift; path = MultipleExUITests.swift; sourceTree = "<group>"; };
		B93543A92443845200DBF329 /* Info.plist */ = {isa = PBXFileReference; lastKnownFileType = text.plist.xml; path = Info.plist; sourceTree = "<group>"; };
		B93543B7244385D300DBF329 /* SwitchViewController.swift */ = {isa = PBXFileReference; lastKnownFileType = sourcecode.swift; path = SwitchViewController.swift; sourceTree = "<group>"; };
		B93543B9244385EB00DBF329 /* SliderViewController.swift */ = {isa = PBXFileReference; lastKnownFileType = sourcecode.swift; path = SliderViewController.swift; sourceTree = "<group>"; };
		B93543BB2443861000DBF329 /* PickerViewController.swift */ = {isa = PBXFileReference; lastKnownFileType = sourcecode.swift; path = PickerViewController.swift; sourceTree = "<group>"; };
/* End PBXFileReference section */

/* Begin PBXFrameworksBuildPhase section */
		B935437F2443845000DBF329 /* Frameworks */ = {
			isa = PBXFrameworksBuildPhase;
			buildActionMask = 2147483647;
			files = (
			);
			runOnlyForDeploymentPostprocessing = 0;
		};
		B93543952443845200DBF329 /* Frameworks */ = {
			isa = PBXFrameworksBuildPhase;
			buildActionMask = 2147483647;
			files = (
			);
			runOnlyForDeploymentPostprocessing = 0;
		};
		B93543A02443845200DBF329 /* Frameworks */ = {
			isa = PBXFrameworksBuildPhase;
			buildActionMask = 2147483647;
			files = (
			);
			runOnlyForDeploymentPostprocessing = 0;
		};
/* End PBXFrameworksBuildPhase section */

/* Begin PBXGroup section */
		B93543792443845000DBF329 = {
			isa = PBXGroup;
			children = (
				B93543842443845000DBF329 /* MultipleEx */,
				B935439B2443845200DBF329 /* MultipleExTests */,
				B93543A62443845200DBF329 /* MultipleExUITests */,
				B93543832443845000DBF329 /* Products */,
			);
			sourceTree = "<group>";
		};
		B93543832443845000DBF329 /* Products */ = {
			isa = PBXGroup;
			children = (
				B93543822443845000DBF329 /* MultipleEx.app */,
				B93543982443845200DBF329 /* MultipleExTests.xctest */,
				B93543A32443845200DBF329 /* MultipleExUITests.xctest */,
			);
			name = Products;
			sourceTree = "<group>";
		};
		B93543842443845000DBF329 /* MultipleEx */ = {
			isa = PBXGroup;
			children = (
				B93543852443845000DBF329 /* AppDelegate.swift */,
				B93543872443845000DBF329 /* SceneDelegate.swift */,
				B93543892443845000DBF329 /* ViewController.swift */,
				B935438B2443845000DBF329 /* Main.storyboard */,
				B93543BB2443861000DBF329 /* PickerViewController.swift */,
				B93543B9244385EB00DBF329 /* SliderViewController.swift */,
				B93543B7244385D300DBF329 /* SwitchViewController.swift */,
				B935438E2443845200DBF329 /* Assets.xcassets */,
				B93543902443845200DBF329 /* LaunchScreen.storyboard */,
				B93543932443845200DBF329 /* Info.plist */,
			);
			path = MultipleEx;
			sourceTree = "<group>";
		};
		B935439B2443845200DBF329 /* MultipleExTests */ = {
			isa = PBXGroup;
			children = (
				B935439C2443845200DBF329 /* MultipleExTests.swift */,
				B935439E2443845200DBF329 /* Info.plist */,
			);
			path = MultipleExTests;
			sourceTree = "<group>";
		};
		B93543A62443845200DBF329 /* MultipleExUITests */ = {
			isa = PBXGroup;
			children = (
				B93543A72443845200DBF329 /* MultipleExUITests.swift */,
				B93543A92443845200DBF329 /* Info.plist */,
			);
			path = MultipleExUITests;
			sourceTree = "<group>";
		};
/* End PBXGroup section */

/* Begin PBXNativeTarget section */
		B93543812443845000DBF329 /* MultipleEx */ = {
			isa = PBXNativeTarget;
			buildConfigurationList = B93543AC2443845200DBF329 /* Build configuration list for PBXNativeTarget "MultipleEx" */;
			buildPhases = (
				B935437E2443845000DBF329 /* Sources */,
				B935437F2443845000DBF329 /* Frameworks */,
				B93543802443845000DBF329 /* Resources */,
			);
			buildRules = (
			);
			dependencies = (
			);
			name = MultipleEx;
			productName = MultipleEx;
			productReference = B93543822443845000DBF329 /* MultipleEx.app */;
			productType = "com.apple.product-type.application";
		};
		B93543972443845200DBF329 /* MultipleExTests */ = {
			isa = PBXNativeTarget;
			buildConfigurationList = B93543AF2443845200DBF329 /* Build configuration list for PBXNativeTarget "MultipleExTests" */;
			buildPhases = (
				B93543942443845200DBF329 /* Sources */,
				B93543952443845200DBF329 /* Frameworks */,
				B93543962443845200DBF329 /* Resources */,
			);
			buildRules = (
			);
			dependencies = (
				B935439A2443845200DBF329 /* PBXTargetDependency */,
			);
			name = MultipleExTests;
			productName = MultipleExTests;
			productReference = B93543982443845200DBF329 /* MultipleExTests.xctest */;
			productType = "com.apple.product-type.bundle.unit-test";
		};
		B93543A22443845200DBF329 /* MultipleExUITests */ = {
			isa = PBXNativeTarget;
			buildConfigurationList = B93543B22443845200DBF329 /* Build configuration list for PBXNativeTarget "MultipleExUITests" */;
			buildPhases = (
				B935439F2443845200DBF329 /* Sources */,
				B93543A02443845200DBF329 /* Frameworks */,
				B93543A12443845200DBF329 /* Resources */,
			);
			buildRules = (
			);
			dependencies = (
				B93543A52443845200DBF329 /* PBXTargetDependency */,
			);
			name = MultipleExUITests;
			productName = MultipleExUITests;
			productReference = B93543A32443845200DBF329 /* MultipleExUITests.xctest */;
			productType = "com.apple.product-type.bundle.ui-testing";
		};
/* End PBXNativeTarget section */

/* Begin PBXProject section */
		B935437A2443845000DBF329 /* Project object */ = {
			isa = PBXProject;
			attributes = {
				LastSwiftUpdateCheck = 1140;
				LastUpgradeCheck = 1140;
				ORGANIZATIONNAME = "Savannah Gilbert";
				TargetAttributes = {
					B93543812443845000DBF329 = {
						CreatedOnToolsVersion = 11.4;
					};
					B93543972443845200DBF329 = {
						CreatedOnToolsVersion = 11.4;
						TestTargetID = B93543812443845000DBF329;
					};
					B93543A22443845200DBF329 = {
						CreatedOnToolsVersion = 11.4;
						TestTargetID = B93543812443845000DBF329;
					};
				};
			};
			buildConfigurationList = B935437D2443845000DBF329 /* Build configuration list for PBXProject "MultipleEx" */;
			compatibilityVersion = "Xcode 9.3";
			developmentRegion = en;
			hasScannedForEncodings = 0;
			knownRegions = (
				en,
				Base,
			);
			mainGroup = B93543792443845000DBF329;
			productRefGroup = B93543832443845000DBF329 /* Products */;
			projectDirPath = "";
			projectRoot = "";
			targets = (
				B93543812443845000DBF329 /* MultipleEx */,
				B93543972443845200DBF329 /* MultipleExTests */,
				B93543A22443845200DBF329 /* MultipleExUITests */,
			);
		};
/* End PBXProject section */

/* Begin PBXResourcesBuildPhase section */
		B93543802443845000DBF329 /* Resources */ = {
			isa = PBXResourcesBuildPhase;
			buildActionMask = 2147483647;
			files = (
				B93543922443845200DBF329 /* LaunchScreen.storyboard in Resources */,
				B935438F2443845200DBF329 /* Assets.xcassets in Resources */,
				B935438D2443845000DBF329 /* Main.storyboard in Resources */,
			);
			runOnlyForDeploymentPostprocessing = 0;
		};
		B93543962443845200DBF329 /* Resources */ = {
			isa = PBXResourcesBuildPhase;
			buildActionMask = 2147483647;
			files = (
			);
			runOnlyForDeploymentPostprocessing = 0;
		};
		B93543A12443845200DBF329 /* Resources */ = {
			isa = PBXResourcesBuildPhase;
			buildActionMask = 2147483647;
			files = (
			);
			runOnlyForDeploymentPostprocessing = 0;
		};
/* End PBXResourcesBuildPhase section */

/* Begin PBXSourcesBuildPhase section */
		B935437E2443845000DBF329 /* Sources */ = {
			isa = PBXSourcesBuildPhase;
			buildActionMask = 2147483647;
			files = (
				B93543BC2443861000DBF329 /* PickerViewController.swift in Sources */,
				B935438A2443845000DBF329 /* ViewController.swift in Sources */,
				B93543BA244385EB00DBF329 /* SliderViewController.swift in Sources */,
				B93543862443845000DBF329 /* AppDelegate.swift in Sources */,
				B93543B8244385D300DBF329 /* SwitchViewController.swift in Sources */,
				B93543882443845000DBF329 /* SceneDelegate.swift in Sources */,
			);
			runOnlyForDeploymentPostprocessing = 0;
		};
		B93543942443845200DBF329 /* Sources */ = {
			isa = PBXSourcesBuildPhase;
			buildActionMask = 2147483647;
			files = (
				B935439D2443845200DBF329 /* MultipleExTests.swift in Sources */,
			);
			runOnlyForDeploymentPostprocessing = 0;
		};
		B935439F2443845200DBF329 /* Sources */ = {
			isa = PBXSourcesBuildPhase;
			buildActionMask = 2147483647;
			files = (
				B93543A82443845200DBF329 /* MultipleExUITests.swift in Sources */,
			);
			runOnlyForDeploymentPostprocessing = 0;
		};
/* End PBXSourcesBuildPhase section */

/* Begin PBXTargetDependency section */
		B935439A2443845200DBF329 /* PBXTargetDependency */ = {
			isa = PBXTargetDependency;
			target = B93543812443845000DBF329 /* MultipleEx */;
			targetProxy = B93543992443845200DBF329 /* PBXContainerItemProxy */;
		};
		B93543A52443845200DBF329 /* PBXTargetDependency */ = {
			isa = PBXTargetDependency;
			target = B93543812443845000DBF329 /* MultipleEx */;
			targetProxy = B93543A42443845200DBF329 /* PBXContainerItemProxy */;
		};
/* End PBXTargetDependency section */

/* Begin PBXVariantGroup section */
		B935438B2443845000DBF329 /* Main.storyboard */ = {
			isa = PBXVariantGroup;
			children = (
				B935438C2443845000DBF329 /* Base */,
			);
			name = Main.storyboard;
			sourceTree = "<group>";
		};
		B93543902443845200DBF329 /* LaunchScreen.storyboard */ = {
			isa = PBXVariantGroup;
			children = (
				B93543912443845200DBF329 /* Base */,
			);
			name = LaunchScreen.storyboard;
			sourceTree = "<group>";
		};
/* End PBXVariantGroup section */

/* Begin XCBuildConfiguration section */
		B93543AA2443845200DBF329 /* Debug */ = {
			isa = XCBuildConfiguration;
			buildSettings = {
				ALWAYS_SEARCH_USER_PATHS = NO;
				CLANG_ANALYZER_NONNULL = YES;
				CLANG_ANALYZER_NUMBER_OBJECT_CONVERSION = YES_AGGRESSIVE;
				CLANG_CXX_LANGUAGE_STANDARD = "gnu++14";
				CLANG_CXX_LIBRARY = "libc++";
				CLANG_ENABLE_MODULES = YES;
				CLANG_ENABLE_OBJC_ARC = YES;
				CLANG_ENABLE_OBJC_WEAK = YES;
				CLANG_WARN_BLOCK_CAPTURE_AUTORELEASING = YES;
				CLANG_WARN_BOOL_CONVERSION = YES;
				CLANG_WARN_COMMA = YES;
				CLANG_WARN_CONSTANT_CONVERSION = YES;
				CLANG_WARN_DEPRECATED_OBJC_IMPLEMENTATIONS = YES;
				CLANG_WARN_DIRECT_OBJC_ISA_USAGE = YES_ERROR;
				CLANG_WARN_DOCUMENTATION_COMMENTS = YES;
				CLANG_WARN_EMPTY_BODY = YES;
				CLANG_WARN_ENUM_CONVERSION = YES;
				CLANG_WARN_INFINITE_RECURSION = YES;
				CLANG_WARN_INT_CONVERSION = YES;
				CLANG_WARN_NON_LITERAL_NULL_CONVERSION = YES;
				CLANG_WARN_OBJC_IMPLICIT_RETAIN_SELF = YES;
				CLANG_WARN_OBJC_LITERAL_CONVERSION = YES;
				CLANG_WARN_OBJC_ROOT_CLASS = YES_ERROR;
				CLANG_WARN_RANGE_LOOP_ANALYSIS = YES;
				CLANG_WARN_STRICT_PROTOTYPES = YES;
				CLANG_WARN_SUSPICIOUS_MOVE = YES;
				CLANG_WARN_UNGUARDED_AVAILABILITY = YES_AGGRESSIVE;
				CLANG_WARN_UNREACHABLE_CODE = YES;
				CLANG_WARN__DUPLICATE_METHOD_MATCH = YES;
				COPY_PHASE_STRIP = NO;
				DEBUG_INFORMATION_FORMAT = dwarf;
				ENABLE_STRICT_OBJC_MSGSEND = YES;
				ENABLE_TESTABILITY = YES;
				GCC_C_LANGUAGE_STANDARD = gnu11;
				GCC_DYNAMIC_NO_PIC = NO;
				GCC_NO_COMMON_BLOCKS = YES;
				GCC_OPTIMIZATION_LEVEL = 0;
				GCC_PREPROCESSOR_DEFINITIONS = (
					"DEBUG=1",
					"$(inherited)",
				);
				GCC_WARN_64_TO_32_BIT_CONVERSION = YES;
				GCC_WARN_ABOUT_RETURN_TYPE = YES_ERROR;
				GCC_WARN_UNDECLARED_SELECTOR = YES;
				GCC_WARN_UNINITIALIZED_AUTOS = YES_AGGRESSIVE;
				GCC_WARN_UNUSED_FUNCTION = YES;
				GCC_WARN_UNUSED_VARIABLE = YES;
				IPHONEOS_DEPLOYMENT_TARGET = 13.4;
				MTL_ENABLE_DEBUG_INFO = INCLUDE_SOURCE;
				MTL_FAST_MATH = YES;
				ONLY_ACTIVE_ARCH = YES;
				SDKROOT = iphoneos;
				SWIFT_ACTIVE_COMPILATION_CONDITIONS = DEBUG;
				SWIFT_OPTIMIZATION_LEVEL = "-Onone";
			};
			name = Debug;
		};
		B93543AB2443845200DBF329 /* Release */ = {
			isa = XCBuildConfiguration;
			buildSettings = {
				ALWAYS_SEARCH_USER_PATHS = NO;
				CLANG_ANALYZER_NONNULL = YES;
				CLANG_ANALYZER_NUMBER_OBJECT_CONVERSION = YES_AGGRESSIVE;
				CLANG_CXX_LANGUAGE_STANDARD = "gnu++14";
				CLANG_CXX_LIBRARY = "libc++";
				CLANG_ENABLE_MODULES = YES;
				CLANG_ENABLE_OBJC_ARC = YES;
				CLANG_ENABLE_OBJC_WEAK = YES;
				CLANG_WARN_BLOCK_CAPTURE_AUTORELEASING = YES;
				CLANG_WARN_BOOL_CONVERSION = YES;
				CLANG_WARN_COMMA = YES;
				CLANG_WARN_CONSTANT_CONVERSION = YES;
				CLANG_WARN_DEPRECATED_OBJC_IMPLEMENTATIONS = YES;
				CLANG_WARN_DIRECT_OBJC_ISA_USAGE = YES_ERROR;
				CLANG_WARN_DOCUMENTATION_COMMENTS = YES;
				CLANG_WARN_EMPTY_BODY = YES;
				CLANG_WARN_ENUM_CONVERSION = YES;
				CLANG_WARN_INFINITE_RECURSION = YES;
				CLANG_WARN_INT_CONVERSION = YES;
				CLANG_WARN_NON_LITERAL_NULL_CONVERSION = YES;
				CLANG_WARN_OBJC_IMPLICIT_RETAIN_SELF = YES;
				CLANG_WARN_OBJC_LITERAL_CONVERSION = YES;
				CLANG_WARN_OBJC_ROOT_CLASS = YES_ERROR;
				CLANG_WARN_RANGE_LOOP_ANALYSIS = YES;
				CLANG_WARN_STRICT_PROTOTYPES = YES;
				CLANG_WARN_SUSPICIOUS_MOVE = YES;
				CLANG_WARN_UNGUARDED_AVAILABILITY = YES_AGGRESSIVE;
				CLANG_WARN_UNREACHABLE_CODE = YES;
				CLANG_WARN__DUPLICATE_METHOD_MATCH = YES;
				COPY_PHASE_STRIP = NO;
				DEBUG_INFORMATION_FORMAT = "dwarf-with-dsym";
				ENABLE_NS_ASSERTIONS = NO;
				ENABLE_STRICT_OBJC_MSGSEND = YES;
				GCC_C_LANGUAGE_STANDARD = gnu11;
				GCC_NO_COMMON_BLOCKS = YES;
				GCC_WARN_64_TO_32_BIT_CONVERSION = YES;
				GCC_WARN_ABOUT_RETURN_TYPE = YES_ERROR;
				GCC_WARN_UNDECLARED_SELECTOR = YES;
				GCC_WARN_UNINITIALIZED_AUTOS = YES_AGGRESSIVE;
				GCC_WARN_UNUSED_FUNCTION = YES;
				GCC_WARN_UNUSED_VARIABLE = YES;
				IPHONEOS_DEPLOYMENT_TARGET = 13.4;
				MTL_ENABLE_DEBUG_INFO = NO;
				MTL_FAST_MATH = YES;
				SDKROOT = iphoneos;
				SWIFT_COMPILATION_MODE = wholemodule;
				SWIFT_OPTIMIZATION_LEVEL = "-O";
				VALIDATE_PRODUCT = YES;
			};
			name = Release;
		};
		B93543AD2443845200DBF329 /* Debug */ = {
			isa = XCBuildConfiguration;
			buildSettings = {
				ASSETCATALOG_COMPILER_APPICON_NAME = AppIcon;
				CODE_SIGN_STYLE = Automatic;
				INFOPLIST_FILE = MultipleEx/Info.plist;
				LD_RUNPATH_SEARCH_PATHS = (
					"$(inherited)",
					"@executable_path/Frameworks",
				);
				PRODUCT_BUNDLE_IDENTIFIER = com.savannahgilbert.MultipleEx;
				PRODUCT_NAME = "$(TARGET_NAME)";
				SWIFT_VERSION = 5.0;
				TARGETED_DEVICE_FAMILY = "1,2";
			};
			name = Debug;
		};
		B93543AE2443845200DBF329 /* Release */ = {
			isa = XCBuildConfiguration;
			buildSettings = {
				ASSETCATALOG_COMPILER_APPICON_NAME = AppIcon;
				CODE_SIGN_STYLE = Automatic;
				INFOPLIST_FILE = MultipleEx/Info.plist;
				LD_RUNPATH_SEARCH_PATHS = (
					"$(inherited)",
					"@executable_path/Frameworks",
				);
				PRODUCT_BUNDLE_IDENTIFIER = com.savannahgilbert.MultipleEx;
				PRODUCT_NAME = "$(TARGET_NAME)";
				SWIFT_VERSION = 5.0;
				TARGETED_DEVICE_FAMILY = "1,2";
			};
			name = Release;
		};
		B93543B02443845200DBF329 /* Debug */ = {
			isa = XCBuildConfiguration;
			buildSettings = {
				ALWAYS_EMBED_SWIFT_STANDARD_LIBRARIES = YES;
				BUNDLE_LOADER = "$(TEST_HOST)";
				CODE_SIGN_STYLE = Automatic;
				INFOPLIST_FILE = MultipleExTests/Info.plist;
				IPHONEOS_DEPLOYMENT_TARGET = 13.4;
				LD_RUNPATH_SEARCH_PATHS = (
					"$(inherited)",
					"@executable_path/Frameworks",
					"@loader_path/Frameworks",
				);
				PRODUCT_BUNDLE_IDENTIFIER = com.savannahgilbert.MultipleExTests;
				PRODUCT_NAME = "$(TARGET_NAME)";
				SWIFT_VERSION = 5.0;
				TARGETED_DEVICE_FAMILY = "1,2";
				TEST_HOST = "$(BUILT_PRODUCTS_DIR)/MultipleEx.app/MultipleEx";
			};
			name = Debug;
		};
		B93543B12443845200DBF329 /* Release */ = {
			isa = XCBuildConfiguration;
			buildSettings = {
				ALWAYS_EMBED_SWIFT_STANDARD_LIBRARIES = YES;
				BUNDLE_LOADER = "$(TEST_HOST)";
				CODE_SIGN_STYLE = Automatic;
				INFOPLIST_FILE = MultipleExTests/Info.plist;
				IPHONEOS_DEPLOYMENT_TARGET = 13.4;
				LD_RUNPATH_SEARCH_PATHS = (
					"$(inherited)",
					"@executable_path/Frameworks",
					"@loader_path/Frameworks",
				);
				PRODUCT_BUNDLE_IDENTIFIER = com.savannahgilbert.MultipleExTests;
				PRODUCT_NAME = "$(TARGET_NAME)";
				SWIFT_VERSION = 5.0;
				TARGETED_DEVICE_FAMILY = "1,2";
				TEST_HOST = "$(BUILT_PRODUCTS_DIR)/MultipleEx.app/MultipleEx";
			};
			name = Release;
		};
		B93543B32443845200DBF329 /* Debug */ = {
			isa = XCBuildConfiguration;
			buildSettings = {
				ALWAYS_EMBED_SWIFT_STANDARD_LIBRARIES = YES;
				CODE_SIGN_STYLE = Automatic;
				INFOPLIST_FILE = MultipleExUITests/Info.plist;
				LD_RUNPATH_SEARCH_PATHS = (
					"$(inherited)",
					"@executable_path/Frameworks",
					"@loader_path/Frameworks",
				);
				PRODUCT_BUNDLE_IDENTIFIER = com.savannahgilbert.MultipleExUITests;
				PRODUCT_NAME = "$(TARGET_NAME)";
				SWIFT_VERSION = 5.0;
				TARGETED_DEVICE_FAMILY = "1,2";
				TEST_TARGET_NAME = MultipleEx;
			};
			name = Debug;
		};
		B93543B42443845200DBF329 /* Release */ = {
			isa = XCBuildConfiguration;
			buildSettings = {
				ALWAYS_EMBED_SWIFT_STANDARD_LIBRARIES = YES;
				CODE_SIGN_STYLE = Automatic;
				INFOPLIST_FILE = MultipleExUITests/Info.plist;
				LD_RUNPATH_SEARCH_PATHS = (
					"$(inherited)",
					"@executable_path/Frameworks",
					"@loader_path/Frameworks",
				);
				PRODUCT_BUNDLE_IDENTIFIER = com.savannahgilbert.MultipleExUITests;
				PRODUCT_NAME = "$(TARGET_NAME)";
				SWIFT_VERSION = 5.0;
				TARGETED_DEVICE_FAMILY = "1,2";
				TEST_TARGET_NAME = MultipleEx;
			};
			name = Release;
		};
/* End XCBuildConfiguration section */

/* Begin XCConfigurationList section */
		B935437D2443845000DBF329 /* Build configuration list for PBXProject "MultipleEx" */ = {
			isa = XCConfigurationList;
			buildConfigurations = (
				B93543AA2443845200DBF329 /* Debug */,
				B93543AB2443845200DBF329 /* Release */,
			);
			defaultConfigurationIsVisible = 0;
			defaultConfigurationName = Release;
		};
		B93543AC2443845200DBF329 /* Build configuration list for PBXNativeTarget "MultipleEx" */ = {
			isa = XCConfigurationList;
			buildConfigurations = (
				B93543AD2443845200DBF329 /* Debug */,
				B93543AE2443845200DBF329 /* Release */,
			);
			defaultConfigurationIsVisible = 0;
			defaultConfigurationName = Release;
		};
		B93543AF2443845200DBF329 /* Build configuration list for PBXNativeTarget "MultipleExTests" */ = {
			isa = XCConfigurationList;
			buildConfigurations = (
				B93543B02443845200DBF329 /* Debug */,
				B93543B12443845200DBF329 /* Release */,
			);
			defaultConfigurationIsVisible = 0;
			defaultConfigurationName = Release;
		};
		B93543B22443845200DBF329 /* Build configuration list for PBXNativeTarget "MultipleExUITests" */ = {
			isa = XCConfigurationList;
			buildConfigurations = (
				B93543B32443845200DBF329 /* Debug */,
				B93543B42443845200DBF329 /* Release */,
			);
			defaultConfigurationIsVisible = 0;
			defaultConfigurationName = Release;
		};
/* End XCConfigurationList section */
	};
	rootObject = B935437A2443845000DBF329 /* Project object */;
}
